Microsoft Visual Studio Solution File, Format Version 12.00
# Visual Studio 2012
Project("{FAE04EC0-301F-11D3-BF4B-00C04F79EFBC}") = "G.KittyTheFishercat", "G.KittyTheFishercat.csproj", "{A6DB077B-7EA6-4CA3-89F3-5927D8122FAB}"
EndProject
Global
	GlobalSection(SolutionConfigurationPlatforms) = preSolution
	Debug|Any CPU = Debug|Any CPU
	ExportDebug|Any CPU = ExportDebug|Any CPU
	ExportRelease|Any CPU = ExportRelease|Any CPU
	EndGlobalSection
	GlobalSection(ProjectConfigurationPlatforms) = postSolution
		{A6DB077B-7EA6-4CA3-89F3-5927D8122FAB}.Debug|Any CPU.ActiveCfg = Debug|Any CPU
		{A6DB077B-7EA6-4CA3-89F3-5927D8122FAB}.Debug|Any CPU.Build.0 = Debug|Any CPU
		{A6DB077B-7EA6-4CA3-89F3-5927D8122FAB}.ExportDebug|Any CPU.ActiveCfg = ExportDebug|Any CPU
		{A6DB077B-7EA6-4CA3-89F3-5927D8122FAB}.ExportDebug|Any CPU.Build.0 = ExportDebug|Any CPU
		{A6DB077B-7EA6-4CA3-89F3-5927D8122FAB}.ExportRelease|Any CPU.ActiveCfg = ExportRelease|Any CPU
		{A6DB077B-7EA6-4CA3-89F3-5927D8122FAB}.ExportRelease|Any CPU.Build.0 = ExportRelease|Any CPU
	EndGlobalSection
EndGlobal
